
Microsoft Visual Studio Solution File, Format Version 12.00
# Visual Studio Version 16
VisualStudioVersion = 16.0.29201.188
MinimumVisualStudioVersion = 10.0.40219.1
Project("{FAE04EC0-301F-11D3-BF4B-00C04F79EFBC}") = "Mac-Movie-Store", "Mac-Movie-Store.csproj", "{A6EC4849-CB7A-4FA0-AE13-2A79BDD6580E}"
EndProject
Project("{FAE04EC0-301F-11D3-BF4B-00C04F79EFBC}") = "Mac-Movie-Store.Tests", "..\Mac-Movie-Store.Tests\Mac-Movie-Store.Tests.csproj", "{C038B721-0B1F-42D2-B827-312491E3A0CF}"
EndProject
Global
	GlobalSection(SolutionConfigurationPlatforms) = preSolution
		Debug|Any CPU = Debug|Any CPU
		Release|Any CPU = Release|Any CPU
	EndGlobalSection
	GlobalSection(ProjectConfigurationPlatforms) = postSolution
		{A6EC4849-CB7A-4FA0-AE13-2A79BDD6580E}.Debug|Any CPU.ActiveCfg = Debug|Any CPU
		{A6EC4849-CB7A-4FA0-AE13-2A79BDD6580E}.Debug|Any CPU.Build.0 = Debug|Any CPU
		{A6EC4849-CB7A-4FA0-AE13-2A79BDD6580E}.Release|Any CPU.ActiveCfg = Release|Any CPU
		{A6EC4849-CB7A-4FA0-AE13-2A79BDD6580E}.Release|Any CPU.Build.0 = Release|Any CPU
		{C038B721-0B1F-42D2-B827-312491E3A0CF}.Debug|Any CPU.ActiveCfg = Debug|Any CPU
		{C038B721-0B1F-42D2-B827-312491E3A0CF}.Debug|Any CPU.Build.0 = Debug|Any CPU
		{C038B721-0B1F-42D2-B827-312491E3A0CF}.Release|Any CPU.ActiveCfg = Release|Any CPU
		{C038B721-0B1F-42D2-B827-312491E3A0CF}.Release|Any CPU.Build.0 = Release|Any CPU
	EndGlobalSection
	GlobalSection(SolutionProperties) = preSolution
		HideSolutionNode = FALSE
	EndGlobalSection
	GlobalSection(ExtensibilityGlobals) = postSolution
		SolutionGuid = {40FD6078-2193-428C-8D48-D34182F06B84}
	EndGlobalSection
EndGlobal
