{
  "requires": true,
  "lockfileVersion": 1,
  "dependencies": {
    "jquery": {
      "version": "3.4.1",
      "resolved": "https://registry.npmjs.org/jquery/-/jquery-3.4.1.tgz",
      "integrity": "sha512-36+AdBzCL+y6qjw5Tx7HgzeGCzC81MDDgaUP8ld2zhx58HdqXGoBd+tHdrBMiyjGQs0Hxs/MLZTu/eHNJJuWPw=="
    },
    "jquey": {
      "version": "0.0.1-security",
      "resolved": "https://registry.npmjs.org/jquey/-/jquey-0.0.1-security.tgz",
      "integrity": "sha512-VFbXpLat/1mGSeNrVxbWJ3XftyaV8jccwOYnbUSoXJipj2wftpUC1F+vxLJke9R9CdlMOyPUUms16oJ42ivoIA=="
    }
  }
}
